
Microsoft Visual Studio Solution File, Format Version 12.00
# Visual Studio Version 17
VisualStudioVersion = 17.7.34009.444
MinimumVisualStudioVersion = 10.0.40219.1
Project("{FAE04EC0-301F-11D3-BF4B-00C04F79EFBC}") = "Fuel9-BE", "Fuel9-BE\Fuel9-BE.csproj", "{AFBCF94F-E2EC-4D17-B647-6BF8D6DB1F2D}"
EndProject
Global
	GlobalSection(SolutionConfigurationPlatforms) = preSolution
		Debug|Any CPU = Debug|Any CPU
		Release|Any CPU = Release|Any CPU
	EndGlobalSection
	GlobalSection(ProjectConfigurationPlatforms) = postSolution
		{AFBCF94F-E2EC-4D17-B647-6BF8D6DB1F2D}.Debug|Any CPU.ActiveCfg = Debug|Any CPU
		{AFBCF94F-E2EC-4D17-B647-6BF8D6DB1F2D}.Debug|Any CPU.Build.0 = Debug|Any CPU
		{AFBCF94F-E2EC-4D17-B647-6BF8D6DB1F2D}.Release|Any CPU.ActiveCfg = Release|Any CPU
		{AFBCF94F-E2EC-4D17-B647-6BF8D6DB1F2D}.Release|Any CPU.Build.0 = Release|Any CPU
	EndGlobalSection
	GlobalSection(SolutionProperties) = preSolution
		HideSolutionNode = FALSE
	EndGlobalSection
	GlobalSection(ExtensibilityGlobals) = postSolution
		SolutionGuid = {0AEEB6AF-1D00-4B15-82F3-B827BEDA7A62}
	EndGlobalSection
EndGlobal
